
Microsoft Visual Studio Solution File, Format Version 12.00
# Visual Studio Version 17
VisualStudioVersion = 17.8.34525.116
MinimumVisualStudioVersion = 10.0.40219.1
Project("{FAE04EC0-301F-11D3-BF4B-00C04F79EFBC}") = "LSC.RestaurantTableBookingApp.API", "RestaurantTableBookingApp.API\LSC.RestaurantTableBookingApp.API.csproj", "{19C0574F-2926-4260-A5E2-B94E9CDACFCD}"
EndProject
Project("{FAE04EC0-301F-11D3-BF4B-00C04F79EFBC}") = "LSC.RestaurantTableBookingApp.Core", "LSC.RestaurantTableBookingApp.Core\LSC.RestaurantTableBookingApp.Core.csproj", "{1B4F49E7-108F-4616-BE56-4F33BC50549F}"
EndProject
Project("{FAE04EC0-301F-11D3-BF4B-00C04F79EFBC}") = "LSC.RestaurantTableBookingApp.Data", "LSC.RestaurantTableBookingApp.Data\LSC.RestaurantTableBookingApp.Data.csproj", "{C4036A7F-2EB5-40E8-83A9-96787B3BD7DF}"
EndProject
Project("{FAE04EC0-301F-11D3-BF4B-00C04F79EFBC}") = "LSC.RestaurantTableBookingApp.Service", "LSC.RestaurantTableBookingApp.Service\LSC.RestaurantTableBookingApp.Service.csproj", "{96851BBD-604B-4D83-BCBE-A8F6531A93CD}"
EndProject
Global
	GlobalSection(SolutionConfigurationPlatforms) = preSolution
		Debug|Any CPU = Debug|Any CPU
		Release|Any CPU = Release|Any CPU
	EndGlobalSection
	GlobalSection(ProjectConfigurationPlatforms) = postSolution
		{19C0574F-2926-4260-A5E2-B94E9CDACFCD}.Debug|Any CPU.ActiveCfg = Debug|Any CPU
		{19C0574F-2926-4260-A5E2-B94E9CDACFCD}.Debug|Any CPU.Build.0 = Debug|Any CPU
		{19C0574F-2926-4260-A5E2-B94E9CDACFCD}.Release|Any CPU.ActiveCfg = Release|Any CPU
		{19C0574F-2926-4260-A5E2-B94E9CDACFCD}.Release|Any CPU.Build.0 = Release|Any CPU
		{1B4F49E7-108F-4616-BE56-4F33BC50549F}.Debug|Any CPU.ActiveCfg = Debug|Any CPU
		{1B4F49E7-108F-4616-BE56-4F33BC50549F}.Debug|Any CPU.Build.0 = Debug|Any CPU
		{1B4F49E7-108F-4616-BE56-4F33BC50549F}.Release|Any CPU.ActiveCfg = Release|Any CPU
		{1B4F49E7-108F-4616-BE56-4F33BC50549F}.Release|Any CPU.Build.0 = Release|Any CPU
		{C4036A7F-2EB5-40E8-83A9-96787B3BD7DF}.Debug|Any CPU.ActiveCfg = Debug|Any CPU
		{C4036A7F-2EB5-40E8-83A9-96787B3BD7DF}.Debug|Any CPU.Build.0 = Debug|Any CPU
		{C4036A7F-2EB5-40E8-83A9-96787B3BD7DF}.Release|Any CPU.ActiveCfg = Release|Any CPU
		{C4036A7F-2EB5-40E8-83A9-96787B3BD7DF}.Release|Any CPU.Build.0 = Release|Any CPU
		{96851BBD-604B-4D83-BCBE-A8F6531A93CD}.Debug|Any CPU.ActiveCfg = Debug|Any CPU
		{96851BBD-604B-4D83-BCBE-A8F6531A93CD}.Debug|Any CPU.Build.0 = Debug|Any CPU
		{96851BBD-604B-4D83-BCBE-A8F6531A93CD}.Release|Any CPU.ActiveCfg = Release|Any CPU
		{96851BBD-604B-4D83-BCBE-A8F6531A93CD}.Release|Any CPU.Build.0 = Release|Any CPU
	EndGlobalSection
	GlobalSection(SolutionProperties) = preSolution
		HideSolutionNode = FALSE
	EndGlobalSection
	GlobalSection(ExtensibilityGlobals) = postSolution
		SolutionGuid = {9FFC2274-BA9E-461A-BDD8-B1E66745BDDF}
	EndGlobalSection
EndGlobal
